// !$*UTF8*$!
{
	archiveVersion = 1;
	classes = {
	};
	objectVersion = 56;
	objects = {

/* Begin PBXBuildFile section */
		AA000001000000000000001A /* NightcapApp.swift in Sources */       = {isa = PBXBuildFile; fileRef = AA000001000000000000001B; };
		AA000001000000000000002A /* AppState.swift in Sources */          = {isa = PBXBuildFile; fileRef = AA000001000000000000002B; };
		AA000001000000000000003A /* FastingStore.swift in Sources */      = {isa = PBXBuildFile; fileRef = AA000001000000000000003B; };
		AA000001000000000000004A /* QuoteLibrary.swift in Sources */      = {isa = PBXBuildFile; fileRef = AA000001000000000000004B; };
		AA000001000000000000005A /* ContextualCopy.swift in Sources */    = {isa = PBXBuildFile; fileRef = AA000001000000000000005B; };
		AA000001000000000000006A /* NotificationManager.swift in Sources */ = {isa = PBXBuildFile; fileRef = AA000001000000000000006B; };
		AA000001000000000000007A /* OnboardingView.swift in Sources */    = {isa = PBXBuildFile; fileRef = AA000001000000000000007B; };
		AA000001000000000000008A /* HomeView.swift in Sources */          = {isa = PBXBuildFile; fileRef = AA000001000000000000008B; };
		AA000001000000000000009A /* FastTrackerCard.swift in Sources */   = {isa = PBXBuildFile; fileRef = AA000001000000000000009B; };
		AA00000100000000000000BA /* CravingToolkitSection.swift in Sources */ = {isa = PBXBuildFile; fileRef = AA00000100000000000000BB; };
		AA00000100000000000000CA /* ProgressSection.swift in Sources */   = {isa = PBXBuildFile; fileRef = AA00000100000000000000CB; };
		AA00000100000000000000DA /* WeeklyInsightCard.swift in Sources */ = {isa = PBXBuildFile; fileRef = AA00000100000000000000DB; };
		AA00000100000000000000EA /* BodyScienceCard.swift in Sources */   = {isa = PBXBuildFile; fileRef = AA00000100000000000000EB; };
		AA00000100000000000000FA /* SettingsSheet.swift in Sources */     = {isa = PBXBuildFile; fileRef = AA00000100000000000000FB; };
		AA000001000000000000010A /* FastHistoryView.swift in Sources */   = {isa = PBXBuildFile; fileRef = AA000001000000000000010B; };
		BB000001000000000000001A /* Assets.xcassets in Resources */       = {isa = PBXBuildFile; fileRef = BB000001000000000000001B; };
		BB000001000000000000002A /* Preview Assets.xcassets in Resources */ = {isa = PBXBuildFile; fileRef = BB000001000000000000002B; };
		AA000001000000000000011A /* ConfettiView.swift in Sources */      = {isa = PBXBuildFile; fileRef = AA000001000000000000011B; };
		AA000001000000000000012A /* ShareCardView.swift in Sources */     = {isa = PBXBuildFile; fileRef = AA000001000000000000012B; };
		AA000001000000000000013A /* PhaseDetailSheet.swift in Sources */  = {isa = PBXBuildFile; fileRef = AA000001000000000000013B; };
		AA000001000000000000015A /* NightcapIntents.swift in Sources */   = {isa = PBXBuildFile; fileRef = AA000001000000000000015B; };
		AA000001000000000000016A /* PrivacyInfo.xcprivacy in Resources */ = {isa = PBXBuildFile; fileRef = AA000001000000000000016B; };
		AA000001000000000000017A /* NightcapDelegate.swift in Sources */  = {isa = PBXBuildFile; fileRef = AA000001000000000000017B; };
		AA000001000000000000019A /* HeroCard.swift in Sources */          = {isa = PBXBuildFile; fileRef = AA000001000000000000019B; };
		AA00000100000000000001AA /* CravingCrisisSheet.swift in Sources */ = {isa = PBXBuildFile; fileRef = AA00000100000000000001AB; };
		AA00000100000000000001BA /* YourNumberCard.swift in Sources */    = {isa = PBXBuildFile; fileRef = AA00000100000000000001BB; };
		AA00000100000000000001CA /* NumberEditSheet.swift in Sources */   = {isa = PBXBuildFile; fileRef = AA00000100000000000001CB; };
		WA000001000000000000005A /* PrivacyInfo.xcprivacy in Resources */ = {isa = PBXBuildFile; fileRef = WA000001000000000000005B; };
		WA000001000000000000001A /* NightcapWidget.swift in Sources */    = {isa = PBXBuildFile; fileRef = WA000001000000000000001B; };
		WA000001000000000000002A /* Assets.xcassets in Resources */       = {isa = PBXBuildFile; fileRef = WA000001000000000000002B; };
		WF000001000000000000001A /* NightcapWidget.appex in Embed Foundation Extensions */ = {
			isa = PBXBuildFile;
			fileRef = WA000001000000000000003B /* NightcapWidget.appex */;
			settings = {ATTRIBUTES = (RemoveHeadersOnCopy, ); };
		};
/* End PBXBuildFile section */

/* Begin PBXContainerItemProxy section */
		WG000001000000000000001A /* PBXContainerItemProxy */ = {
			isa = PBXContainerItemProxy;
			containerPortal = 110000001100000011000000 /* Project object */;
			proxyType = 1;
			remoteGlobalIDString = WC000001000000000000001A;
			remoteInfo = NightcapWidget;
		};
/* End PBXContainerItemProxy section */

/* Begin PBXCopyFilesBuildPhase section */
		WF000001000000000000002A /* Embed Foundation Extensions */ = {
			isa = PBXCopyFilesBuildPhase;
			buildActionMask = 2147483647;
			dstPath = "";
			dstSubfolderSpec = 13;
			files = (
				WF000001000000000000001A /* NightcapWidget.appex in Embed Foundation Extensions */,
			);
			name = "Embed Foundation Extensions";
			runOnlyForDeploymentPostprocessing = 0;
		};
/* End PBXCopyFilesBuildPhase section */

/* Begin PBXFileReference section */
		AA000001000000000000001B /* NightcapApp.swift */       = {isa = PBXFileReference; lastKnownFileType = sourcecode.swift; path = NightcapApp.swift; sourceTree = "<group>"; };
		AA000001000000000000002B /* AppState.swift */          = {isa = PBXFileReference; lastKnownFileType = sourcecode.swift; path = AppState.swift; sourceTree = "<group>"; };
		AA000001000000000000003B /* FastingStore.swift */      = {isa = PBXFileReference; lastKnownFileType = sourcecode.swift; path = FastingStore.swift; sourceTree = "<group>"; };
		AA000001000000000000004B /* QuoteLibrary.swift */      = {isa = PBXFileReference; lastKnownFileType = sourcecode.swift; path = QuoteLibrary.swift; sourceTree = "<group>"; };
		AA000001000000000000005B /* ContextualCopy.swift */    = {isa = PBXFileReference; lastKnownFileType = sourcecode.swift; path = ContextualCopy.swift; sourceTree = "<group>"; };
		AA000001000000000000006B /* NotificationManager.swift */ = {isa = PBXFileReference; lastKnownFileType = sourcecode.swift; path = NotificationManager.swift; sourceTree = "<group>"; };
		AA000001000000000000007B /* OnboardingView.swift */    = {isa = PBXFileReference; lastKnownFileType = sourcecode.swift; path = OnboardingView.swift; sourceTree = "<group>"; };
		AA000001000000000000008B /* HomeView.swift */          = {isa = PBXFileReference; lastKnownFileType = sourcecode.swift; path = HomeView.swift; sourceTree = "<group>"; };
		AA000001000000000000009B /* FastTrackerCard.swift */   = {isa = PBXFileReference; lastKnownFileType = sourcecode.swift; path = FastTrackerCard.swift; sourceTree = "<group>"; };
		AA00000100000000000000BB /* CravingToolkitSection.swift */ = {isa = PBXFileReference; lastKnownFileType = sourcecode.swift; path = CravingToolkitSection.swift; sourceTree = "<group>"; };
		AA00000100000000000000CB /* ProgressSection.swift */   = {isa = PBXFileReference; lastKnownFileType = sourcecode.swift; path = ProgressSection.swift; sourceTree = "<group>"; };
		AA00000100000000000000DB /* WeeklyInsightCard.swift */ = {isa = PBXFileReference; lastKnownFileType = sourcecode.swift; path = WeeklyInsightCard.swift; sourceTree = "<group>"; };
		AA00000100000000000000EB /* BodyScienceCard.swift */   = {isa = PBXFileReference; lastKnownFileType = sourcecode.swift; path = BodyScienceCard.swift; sourceTree = "<group>"; };
		AA00000100000000000000FB /* SettingsSheet.swift */     = {isa = PBXFileReference; lastKnownFileType = sourcecode.swift; path = SettingsSheet.swift; sourceTree = "<group>"; };
		AA000001000000000000010B /* FastHistoryView.swift */   = {isa = PBXFileReference; lastKnownFileType = sourcecode.swift; path = FastHistoryView.swift; sourceTree = "<group>"; };
		AA000001000000000000011B /* ConfettiView.swift */      = {isa = PBXFileReference; lastKnownFileType = sourcecode.swift; path = ConfettiView.swift; sourceTree = "<group>"; };
		AA000001000000000000012B /* ShareCardView.swift */     = {isa = PBXFileReference; lastKnownFileType = sourcecode.swift; path = ShareCardView.swift; sourceTree = "<group>"; };
		AA000001000000000000013B /* PhaseDetailSheet.swift */  = {isa = PBXFileReference; lastKnownFileType = sourcecode.swift; path = PhaseDetailSheet.swift; sourceTree = "<group>"; };
		AA000001000000000000014B /* Nightcap.entitlements */   = {isa = PBXFileReference; lastKnownFileType = text.plist.entitlements; path = Nightcap.entitlements; sourceTree = "<group>"; };
		AA000001000000000000015B /* NightcapIntents.swift */   = {isa = PBXFileReference; lastKnownFileType = sourcecode.swift; path = NightcapIntents.swift; sourceTree = "<group>"; };
		AA000001000000000000016B /* PrivacyInfo.xcprivacy */   = {isa = PBXFileReference; lastKnownFileType = "text.xml"; path = PrivacyInfo.xcprivacy; sourceTree = "<group>"; };
		AA000001000000000000017B /* NightcapDelegate.swift */   = {isa = PBXFileReference; lastKnownFileType = sourcecode.swift; path = NightcapDelegate.swift; sourceTree = "<group>"; };
		AA000001000000000000018B /* Info.plist */               = {isa = PBXFileReference; lastKnownFileType = text.plist.xml; path = Info.plist; sourceTree = "<group>"; };
		AA000001000000000000019B /* HeroCard.swift */           = {isa = PBXFileReference; lastKnownFileType = sourcecode.swift; path = HeroCard.swift; sourceTree = "<group>"; };
		AA00000100000000000001AB /* CravingCrisisSheet.swift */ = {isa = PBXFileReference; lastKnownFileType = sourcecode.swift; path = CravingCrisisSheet.swift; sourceTree = "<group>"; };
		AA00000100000000000001BB /* YourNumberCard.swift */     = {isa = PBXFileReference; lastKnownFileType = sourcecode.swift; path = YourNumberCard.swift; sourceTree = "<group>"; };
		AA00000100000000000001CB /* NumberEditSheet.swift */    = {isa = PBXFileReference; lastKnownFileType = sourcecode.swift; path = NumberEditSheet.swift; sourceTree = "<group>"; };
		WA000001000000000000005B /* PrivacyInfo.xcprivacy */   = {isa = PBXFileReference; lastKnownFileType = "text.xml"; path = PrivacyInfo.xcprivacy; sourceTree = "<group>"; };
		BB000001000000000000001B /* Assets.xcassets */         = {isa = PBXFileReference; lastKnownFileType = folder.assetcatalog; path = Assets.xcassets; sourceTree = "<group>"; };
		BB000001000000000000002B /* Preview Assets.xcassets */ = {isa = PBXFileReference; lastKnownFileType = folder.assetcatalog; path = "Preview Assets.xcassets"; sourceTree = "<group>"; };
		CC000001000000000000001B /* Nightcap.app */            = {isa = PBXFileReference; explicitFileType = wrapper.application; includeInIndex = 0; path = Nightcap.app; sourceTree = BUILT_PRODUCTS_DIR; };
		WA000001000000000000001B /* NightcapWidget.swift */    = {isa = PBXFileReference; lastKnownFileType = sourcecode.swift; path = NightcapWidget.swift; sourceTree = "<group>"; };
		WA000001000000000000002B /* Assets.xcassets */         = {isa = PBXFileReference; lastKnownFileType = folder.assetcatalog; path = Assets.xcassets; sourceTree = "<group>"; };
		WA000001000000000000003B /* NightcapWidget.appex */    = {isa = PBXFileReference; explicitFileType = "wrapper.app-extension"; includeInIndex = 0; path = NightcapWidget.appex; sourceTree = BUILT_PRODUCTS_DIR; };
		WA000001000000000000004B /* NightcapWidget.entitlements */ = {isa = PBXFileReference; lastKnownFileType = text.plist.entitlements; path = NightcapWidget.entitlements; sourceTree = "<group>"; };
/* End PBXFileReference section */

/* Begin PBXFrameworksBuildPhase section */
		DD000001000000000000001A /* Frameworks */ = {
			isa = PBXFrameworksBuildPhase;
			buildActionMask = 2147483647;
			files = (
			);
			runOnlyForDeploymentPostprocessing = 0;
		};
		WB000001000000000000002A /* Frameworks */ = {
			isa = PBXFrameworksBuildPhase;
			buildActionMask = 2147483647;
			files = (
			);
			runOnlyForDeploymentPostprocessing = 0;
		};
/* End PBXFrameworksBuildPhase section */

/* Begin PBXGroup section */
		EE000001000000000000001A /* Root */ = {
			isa = PBXGroup;
			children = (
				EE000001000000000000002A /* Nightcap */,
				WE000001000000000000001A /* NightcapWidget */,
				EE000001000000000000003A /* Products */,
			);
			sourceTree = "<group>";
		};
		EE000001000000000000002A /* Nightcap */ = {
			isa = PBXGroup;
			children = (
				AA000001000000000000001B /* NightcapApp.swift */,
				AA000001000000000000002B /* AppState.swift */,
				AA000001000000000000003B /* FastingStore.swift */,
				AA000001000000000000004B /* QuoteLibrary.swift */,
				AA000001000000000000005B /* ContextualCopy.swift */,
				AA000001000000000000006B /* NotificationManager.swift */,
				AA000001000000000000007B /* OnboardingView.swift */,
				AA000001000000000000008B /* HomeView.swift */,
				AA000001000000000000009B /* FastTrackerCard.swift */,
				AA00000100000000000000BB /* CravingToolkitSection.swift */,
				AA00000100000000000000CB /* ProgressSection.swift */,
				AA00000100000000000000DB /* WeeklyInsightCard.swift */,
				AA00000100000000000000EB /* BodyScienceCard.swift */,
				AA00000100000000000000FB /* SettingsSheet.swift */,
				AA000001000000000000010B /* FastHistoryView.swift */,
				AA000001000000000000011B /* ConfettiView.swift */,
				AA000001000000000000012B /* ShareCardView.swift */,
				AA000001000000000000013B /* PhaseDetailSheet.swift */,
				AA000001000000000000015B /* NightcapIntents.swift */,
				AA000001000000000000016B /* PrivacyInfo.xcprivacy */,
				AA000001000000000000017B /* NightcapDelegate.swift */,
				AA000001000000000000018B /* Info.plist */,
				AA000001000000000000019B /* HeroCard.swift */,
				AA00000100000000000001AB /* CravingCrisisSheet.swift */,
				AA00000100000000000001BB /* YourNumberCard.swift */,
				AA00000100000000000001CB /* NumberEditSheet.swift */,
				AA000001000000000000014B /* Nightcap.entitlements */,
				BB000001000000000000001B /* Assets.xcassets */,
				EE000001000000000000004A /* Preview Content */,
			);
			path = Nightcap;
			sourceTree = "<group>";
		};
		EE000001000000000000003A /* Products */ = {
			isa = PBXGroup;
			children = (
				CC000001000000000000001B /* Nightcap.app */,
				WA000001000000000000003B /* NightcapWidget.appex */,
			);
			name = Products;
			sourceTree = "<group>";
		};
		EE000001000000000000004A /* Preview Content */ = {
			isa = PBXGroup;
			children = (
				BB000001000000000000002B /* Preview Assets.xcassets */,
			);
			path = "Preview Content";
			sourceTree = "<group>";
		};
		WE000001000000000000001A /* NightcapWidget */ = {
			isa = PBXGroup;
			children = (
				WA000001000000000000001B /* NightcapWidget.swift */,
				WA000001000000000000002B /* Assets.xcassets */,
				WA000001000000000000004B /* NightcapWidget.entitlements */,
				WA000001000000000000005B /* PrivacyInfo.xcprivacy */,
			);
			path = NightcapWidget;
			sourceTree = "<group>";
		};
/* End PBXGroup section */

/* Begin PBXNativeTarget section */
		FF000001000000000000001A /* Nightcap */ = {
			isa = PBXNativeTarget;
			buildConfigurationList = FF000001000000000000002A /* Build configuration list for PBXNativeTarget "Nightcap" */;
			buildPhases = (
				FF000001000000000000003A /* Sources */,
				DD000001000000000000001A /* Frameworks */,
				FF000001000000000000004A /* Resources */,
				WF000001000000000000002A /* Embed Foundation Extensions */,
			);
			buildRules = (
			);
			dependencies = (
				WG000001000000000000002A /* PBXTargetDependency */,
			);
			name = Nightcap;
			productName = Nightcap;
			productReference = CC000001000000000000001B /* Nightcap.app */;
			productType = "com.apple.product-type.application";
		};
		WC000001000000000000001A /* NightcapWidget */ = {
			isa = PBXNativeTarget;
			buildConfigurationList = WD000001000000000000003A /* Build configuration list for PBXNativeTarget "NightcapWidget" */;
			buildPhases = (
				WB000001000000000000001A /* Sources */,
				WB000001000000000000002A /* Frameworks */,
				WB000001000000000000003A /* Resources */,
			);
			buildRules = (
			);
			dependencies = (
			);
			name = NightcapWidget;
			productName = NightcapWidget;
			productReference = WA000001000000000000003B /* NightcapWidget.appex */;
			productType = "com.apple.product-type.app-extension";
		};
/* End PBXNativeTarget section */

/* Begin PBXProject section */
		110000001100000011000000 /* Project object */ = {
			isa = PBXProject;
			attributes = {
				BuildIndependentTargetsInParallel = 1;
				LastSwiftUpdateCheck = 1500;
				LastUpgradeCheck = 1500;
				TargetAttributes = {
					FF000001000000000000001A = {
						CreatedOnToolsVersion = 15.0;
					};
					WC000001000000000000001A = {
						CreatedOnToolsVersion = 15.0;
					};
				};
			};
			buildConfigurationList = FF000001000000000000005A /* Build configuration list for PBXProject "Nightcap" */;
			compatibilityVersion = "Xcode 14.0";
			developmentRegion = en;
			hasScannedForEncodings = 0;
			knownRegions = (
				en,
				Base,
			);
			mainGroup = EE000001000000000000001A /* Root */;
			productRefGroup = EE000001000000000000003A /* Products */;
			projectDirPath = "";
			projectRoot = "";
			targets = (
				FF000001000000000000001A /* Nightcap */,
				WC000001000000000000001A /* NightcapWidget */,
			);
		};
/* End PBXProject section */

/* Begin PBXResourcesBuildPhase section */
		FF000001000000000000004A /* Resources */ = {
			isa = PBXResourcesBuildPhase;
			buildActionMask = 2147483647;
			files = (
				BB000001000000000000001A /* Assets.xcassets in Resources */,
				BB000001000000000000002A /* Preview Assets.xcassets in Resources */,
				AA000001000000000000016A /* PrivacyInfo.xcprivacy in Resources */,
			);
			runOnlyForDeploymentPostprocessing = 0;
		};
		WB000001000000000000003A /* Resources */ = {
			isa = PBXResourcesBuildPhase;
			buildActionMask = 2147483647;
			files = (
				WA000001000000000000002A /* Assets.xcassets in Resources */,
				WA000001000000000000005A /* PrivacyInfo.xcprivacy in Resources */,
			);
			runOnlyForDeploymentPostprocessing = 0;
		};
/* End PBXResourcesBuildPhase section */

/* Begin PBXSourcesBuildPhase section */
		FF000001000000000000003A /* Sources */ = {
			isa = PBXSourcesBuildPhase;
			buildActionMask = 2147483647;
			files = (
				AA000001000000000000001A /* NightcapApp.swift in Sources */,
				AA000001000000000000002A /* AppState.swift in Sources */,
				AA000001000000000000003A /* FastingStore.swift in Sources */,
				AA000001000000000000004A /* QuoteLibrary.swift in Sources */,
				AA000001000000000000005A /* ContextualCopy.swift in Sources */,
				AA000001000000000000006A /* NotificationManager.swift in Sources */,
				AA000001000000000000007A /* OnboardingView.swift in Sources */,
				AA000001000000000000008A /* HomeView.swift in Sources */,
				AA000001000000000000009A /* FastTrackerCard.swift in Sources */,
				AA00000100000000000000BA /* CravingToolkitSection.swift in Sources */,
				AA00000100000000000000CA /* ProgressSection.swift in Sources */,
				AA00000100000000000000DA /* WeeklyInsightCard.swift in Sources */,
				AA00000100000000000000EA /* BodyScienceCard.swift in Sources */,
				AA00000100000000000000FA /* SettingsSheet.swift in Sources */,
				AA000001000000000000010A /* FastHistoryView.swift in Sources */,
				AA000001000000000000011A /* ConfettiView.swift in Sources */,
				AA000001000000000000012A /* ShareCardView.swift in Sources */,
				AA000001000000000000013A /* PhaseDetailSheet.swift in Sources */,
				AA000001000000000000015A /* NightcapIntents.swift in Sources */,
				AA000001000000000000017A /* NightcapDelegate.swift in Sources */,
				AA000001000000000000019A /* HeroCard.swift in Sources */,
				AA00000100000000000001AA /* CravingCrisisSheet.swift in Sources */,
				AA00000100000000000001BA /* YourNumberCard.swift in Sources */,
				AA00000100000000000001CA /* NumberEditSheet.swift in Sources */,
			);
			runOnlyForDeploymentPostprocessing = 0;
		};
		WB000001000000000000001A /* Sources */ = {
			isa = PBXSourcesBuildPhase;
			buildActionMask = 2147483647;
			files = (
				WA000001000000000000001A /* NightcapWidget.swift in Sources */,
			);
			runOnlyForDeploymentPostprocessing = 0;
		};
/* End PBXSourcesBuildPhase section */

/* Begin PBXTargetDependency section */
		WG000001000000000000002A /* PBXTargetDependency */ = {
			isa = PBXTargetDependency;
			target = WC000001000000000000001A /* NightcapWidget */;
			targetProxy = WG000001000000000000001A /* PBXContainerItemProxy */;
		};
/* End PBXTargetDependency section */

/* Begin XCBuildConfiguration section */
		FF000001000000000000006A /* Debug */ = {
			isa = XCBuildConfiguration;
			buildSettings = {
				ALWAYS_SEARCH_USER_PATHS = NO;
				ASSETCATALOG_COMPILER_GENERATE_SWIFT_ASSET_SYMBOL_EXTENSIONS = YES;
				CLANG_ANALYZER_NONNULL = YES;
				CLANG_CXX_LANGUAGE_STANDARD = "gnu++20";
				CLANG_ENABLE_MODULES = YES;
				CLANG_ENABLE_OBJC_ARC = YES;
				CLANG_ENABLE_OBJC_WEAK = YES;
				COPY_PHASE_STRIP = NO;
				DEBUG_INFORMATION_FORMAT = dwarf;
				ENABLE_STRICT_OBJC_MSGSEND = YES;
				ENABLE_TESTABILITY = YES;
				ENABLE_USER_SCRIPT_SANDBOXING = YES;
				GCC_C_LANGUAGE_STANDARD = gnu17;
				GCC_DYNAMIC_NO_PIC = NO;
				GCC_NO_COMMON_BLOCKS = YES;
				GCC_OPTIMIZATION_LEVEL = 0;
				GCC_PREPROCESSOR_DEFINITIONS = (
					"DEBUG=1",
					"$(inherited)",
				);
				GCC_WARN_ABOUT_RETURN_TYPE = YES_ERROR;
				GCC_WARN_UNINITIALIZED_AUTOS = YES_AGGRESSIVE;
				GCC_WARN_UNUSED_VARIABLE = YES;
				IPHONEOS_DEPLOYMENT_TARGET = 17.0;
				MTL_ENABLE_DEBUG_INFO = INCLUDE_SOURCE;
				MTL_FAST_MATH = YES;
				ONLY_ACTIVE_ARCH = YES;
				SDKROOT = iphoneos;
				SWIFT_ACTIVE_COMPILATION_CONDITIONS = "DEBUG $(inherited)";
				SWIFT_OPTIMIZATION_LEVEL = "-Onone";
			};
			name = Debug;
		};
		FF000001000000000000007A /* Release */ = {
			isa = XCBuildConfiguration;
			buildSettings = {
				ALWAYS_SEARCH_USER_PATHS = NO;
				ASSETCATALOG_COMPILER_GENERATE_SWIFT_ASSET_SYMBOL_EXTENSIONS = YES;
				CLANG_ANALYZER_NONNULL = YES;
				CLANG_CXX_LANGUAGE_STANDARD = "gnu++20";
				CLANG_ENABLE_MODULES = YES;
				CLANG_ENABLE_OBJC_ARC = YES;
				CLANG_ENABLE_OBJC_WEAK = YES;
				COPY_PHASE_STRIP = NO;
				DEBUG_INFORMATION_FORMAT = "dwarf-with-dsym";
				ENABLE_NS_ASSERTIONS = NO;
				ENABLE_STRICT_OBJC_MSGSEND = YES;
				ENABLE_USER_SCRIPT_SANDBOXING = YES;
				GCC_C_LANGUAGE_STANDARD = gnu17;
				GCC_NO_COMMON_BLOCKS = YES;
				GCC_WARN_ABOUT_RETURN_TYPE = YES_ERROR;
				GCC_WARN_UNINITIALIZED_AUTOS = YES_AGGRESSIVE;
				GCC_WARN_UNUSED_VARIABLE = YES;
				IPHONEOS_DEPLOYMENT_TARGET = 17.0;
				MTL_FAST_MATH = YES;
				SDKROOT = iphoneos;
				SWIFT_COMPILATION_MODE = wholemodule;
				VALIDATE_PRODUCT = YES;
			};
			name = Release;
		};
		FF000001000000000000008A /* Debug */ = {
			isa = XCBuildConfiguration;
			buildSettings = {
				ASSETCATALOG_COMPILER_APPICON_NAME = AppIcon;
				ASSETCATALOG_COMPILER_GLOBAL_ACCENT_COLOR_NAME = AccentColor;
				CODE_SIGN_ENTITLEMENTS = Nightcap/Nightcap.entitlements;
				CODE_SIGN_STYLE = Automatic;
				CURRENT_PROJECT_VERSION = 1;
				DEVELOPMENT_ASSET_PATHS = "\"Nightcap/Preview Content\"";
				ENABLE_PREVIEWS = YES;
				GENERATE_INFOPLIST_FILE = NO;
				INFOPLIST_FILE = Nightcap/Info.plist;
				LD_RUNPATH_SEARCH_PATHS = (
					"$(inherited)",
					"@executable_path/Frameworks",
				);
				MARKETING_VERSION = 1.0;
				PRODUCT_BUNDLE_IDENTIFIER = com.nightcap.app;
				PRODUCT_NAME = "$(TARGET_NAME)";
				SWIFT_EMIT_LOC_STRINGS = YES;
				SWIFT_VERSION = 5.0;
				TARGETED_DEVICE_FAMILY = 1;
			};
			name = Debug;
		};
		FF000001000000000000009A /* Release */ = {
			isa = XCBuildConfiguration;
			buildSettings = {
				ASSETCATALOG_COMPILER_APPICON_NAME = AppIcon;
				ASSETCATALOG_COMPILER_GLOBAL_ACCENT_COLOR_NAME = AccentColor;
				CODE_SIGN_ENTITLEMENTS = Nightcap/Nightcap.entitlements;
				CODE_SIGN_STYLE = Automatic;
				CURRENT_PROJECT_VERSION = 1;
				DEVELOPMENT_ASSET_PATHS = "\"Nightcap/Preview Content\"";
				ENABLE_PREVIEWS = YES;
				GENERATE_INFOPLIST_FILE = NO;
				INFOPLIST_FILE = Nightcap/Info.plist;
				LD_RUNPATH_SEARCH_PATHS = (
					"$(inherited)",
					"@executable_path/Frameworks",
				);
				MARKETING_VERSION = 1.0;
				PRODUCT_BUNDLE_IDENTIFIER = com.nightcap.app;
				PRODUCT_NAME = "$(TARGET_NAME)";
				SWIFT_EMIT_LOC_STRINGS = YES;
				SWIFT_VERSION = 5.0;
				TARGETED_DEVICE_FAMILY = 1;
			};
			name = Release;
		};
		WD000001000000000000001A /* Debug */ = {
			isa = XCBuildConfiguration;
			buildSettings = {
				APPLICATION_EXTENSION_API_ONLY = YES;
				CODE_SIGN_ENTITLEMENTS = NightcapWidget/NightcapWidget.entitlements;
				CODE_SIGN_STYLE = Automatic;
				CURRENT_PROJECT_VERSION = 1;
				GENERATE_INFOPLIST_FILE = NO;
				INFOPLIST_FILE = NightcapWidget/Info.plist;
				IPHONEOS_DEPLOYMENT_TARGET = 17.0;
				LD_RUNPATH_SEARCH_PATHS = (
					"$(inherited)",
					"@executable_path/Frameworks",
					"@executable_path/../../Frameworks",
				);
				MARKETING_VERSION = 1.0;
				PRODUCT_BUNDLE_IDENTIFIER = com.nightcap.app.widget;
				PRODUCT_NAME = "$(TARGET_NAME)";
				SDKROOT = iphoneos;
				SKIP_INSTALL = YES;
				SWIFT_EMIT_LOC_STRINGS = YES;
				SWIFT_OPTIMIZATION_LEVEL = "-Onone";
				SWIFT_VERSION = 5.0;
				TARGETED_DEVICE_FAMILY = 1;
			};
			name = Debug;
		};
		WD000001000000000000002A /* Release */ = {
			isa = XCBuildConfiguration;
			buildSettings = {
				APPLICATION_EXTENSION_API_ONLY = YES;
				CODE_SIGN_ENTITLEMENTS = NightcapWidget/NightcapWidget.entitlements;
				CODE_SIGN_STYLE = Automatic;
				CURRENT_PROJECT_VERSION = 1;
				GENERATE_INFOPLIST_FILE = NO;
				INFOPLIST_FILE = NightcapWidget/Info.plist;
				IPHONEOS_DEPLOYMENT_TARGET = 17.0;
				LD_RUNPATH_SEARCH_PATHS = (
					"$(inherited)",
					"@executable_path/Frameworks",
					"@executable_path/../../Frameworks",
				);
				MARKETING_VERSION = 1.0;
				PRODUCT_BUNDLE_IDENTIFIER = com.nightcap.app.widget;
				PRODUCT_NAME = "$(TARGET_NAME)";
				SDKROOT = iphoneos;
				SKIP_INSTALL = YES;
				SWIFT_COMPILATION_MODE = wholemodule;
				SWIFT_EMIT_LOC_STRINGS = YES;
				SWIFT_VERSION = 5.0;
				TARGETED_DEVICE_FAMILY = 1;
				VALIDATE_PRODUCT = YES;
			};
			name = Release;
		};
/* End XCBuildConfiguration section */

/* Begin XCConfigurationList section */
		FF000001000000000000005A /* Build configuration list for PBXProject "Nightcap" */ = {
			isa = XCConfigurationList;
			buildConfigurations = (
				FF000001000000000000006A /* Debug */,
				FF000001000000000000007A /* Release */,
			);
			defaultConfigurationIsVisible = 0;
			defaultConfigurationName = Release;
		};
		FF000001000000000000002A /* Build configuration list for PBXNativeTarget "Nightcap" */ = {
			isa = XCConfigurationList;
			buildConfigurations = (
				FF000001000000000000008A /* Debug */,
				FF000001000000000000009A /* Release */,
			);
			defaultConfigurationIsVisible = 0;
			defaultConfigurationName = Release;
		};
		WD000001000000000000003A /* Build configuration list for PBXNativeTarget "NightcapWidget" */ = {
			isa = XCConfigurationList;
			buildConfigurations = (
				WD000001000000000000001A /* Debug */,
				WD000001000000000000002A /* Release */,
			);
			defaultConfigurationIsVisible = 0;
			defaultConfigurationName = Release;
		};
/* End XCConfigurationList section */

	};
	rootObject = 110000001100000011000000 /* Project object */;
}
